
Microsoft Visual Studio Solution File, Format Version 12.00
# Visual Studio Version 17
VisualStudioVersion = 17.12.35514.174 d17.12
MinimumVisualStudioVersion = 10.0.40219.1
Project("{FAE04EC0-301F-11D3-BF4B-00C04F79EFBC}") = "OnlineShop", "OnlineShop\OnlineShop.csproj", "{CD53571F-A4AB-4292-A8EC-856BBADEB8F1}"
EndProject
Project("{FAE04EC0-301F-11D3-BF4B-00C04F79EFBC}") = "Model", "Model\Model.csproj", "{E23AFD14-95F8-49FE-A331-896B6E5ACCC3}"
EndProject
Global
	GlobalSection(SolutionConfigurationPlatforms) = preSolution
		Debug|Any CPU = Debug|Any CPU
		Release|Any CPU = Release|Any CPU
	EndGlobalSection
	GlobalSection(ProjectConfigurationPlatforms) = postSolution
		{CD53571F-A4AB-4292-A8EC-856BBADEB8F1}.Debug|Any CPU.ActiveCfg = Debug|Any CPU
		{CD53571F-A4AB-4292-A8EC-856BBADEB8F1}.Debug|Any CPU.Build.0 = Debug|Any CPU
		{CD53571F-A4AB-4292-A8EC-856BBADEB8F1}.Release|Any CPU.ActiveCfg = Release|Any CPU
		{CD53571F-A4AB-4292-A8EC-856BBADEB8F1}.Release|Any CPU.Build.0 = Release|Any CPU
		{E23AFD14-95F8-49FE-A331-896B6E5ACCC3}.Debug|Any CPU.ActiveCfg = Debug|Any CPU
		{E23AFD14-95F8-49FE-A331-896B6E5ACCC3}.Debug|Any CPU.Build.0 = Debug|Any CPU
		{E23AFD14-95F8-49FE-A331-896B6E5ACCC3}.Release|Any CPU.ActiveCfg = Release|Any CPU
		{E23AFD14-95F8-49FE-A331-896B6E5ACCC3}.Release|Any CPU.Build.0 = Release|Any CPU
	EndGlobalSection
	GlobalSection(SolutionProperties) = preSolution
		HideSolutionNode = FALSE
	EndGlobalSection
EndGlobal
